
Microsoft Visual Studio Solution File, Format Version 12.00
# Visual Studio Version 18
VisualStudioVersion = 18.1.11304.174
MinimumVisualStudioVersion = 10.0.40219.1
Project("{FAE04EC0-301F-11D3-BF4B-00C04F79EFBC}") = "JobAI.Server", "JobAI.Server\JobAI.Server.csproj", "{C6245938-AAD0-4EE0-BAE8-478D8B4D3793}"
EndProject
Project("{FAE04EC0-301F-11D3-BF4B-00C04F79EFBC}") = "JobAI.Shared", "JobAI.Shared\JobAI.Shared.csproj", "{C582397B-84A2-42C9-94C3-2705B90955BF}"
EndProject
Project("{FAE04EC0-301F-11D3-BF4B-00C04F79EFBC}") = "JobAI.Client.WPF", "JobAI.Client.WPF\JobAI.Client.WPF.csproj", "{30EB9F12-6A20-4455-92D0-BBE111CD3744}"
EndProject
Global
	GlobalSection(SolutionConfigurationPlatforms) = preSolution
		Debug|Any CPU = Debug|Any CPU
		Release|Any CPU = Release|Any CPU
	EndGlobalSection
	GlobalSection(ProjectConfigurationPlatforms) = postSolution
		{C6245938-AAD0-4EE0-BAE8-478D8B4D3793}.Debug|Any CPU.ActiveCfg = Debug|Any CPU
		{C6245938-AAD0-4EE0-BAE8-478D8B4D3793}.Debug|Any CPU.Build.0 = Debug|Any CPU
		{C6245938-AAD0-4EE0-BAE8-478D8B4D3793}.Release|Any CPU.ActiveCfg = Release|Any CPU
		{C6245938-AAD0-4EE0-BAE8-478D8B4D3793}.Release|Any CPU.Build.0 = Release|Any CPU
		{C582397B-84A2-42C9-94C3-2705B90955BF}.Debug|Any CPU.ActiveCfg = Debug|Any CPU
		{C582397B-84A2-42C9-94C3-2705B90955BF}.Debug|Any CPU.Build.0 = Debug|Any CPU
		{C582397B-84A2-42C9-94C3-2705B90955BF}.Release|Any CPU.ActiveCfg = Release|Any CPU
		{C582397B-84A2-42C9-94C3-2705B90955BF}.Release|Any CPU.Build.0 = Release|Any CPU
		{30EB9F12-6A20-4455-92D0-BBE111CD3744}.Debug|Any CPU.ActiveCfg = Debug|Any CPU
		{30EB9F12-6A20-4455-92D0-BBE111CD3744}.Debug|Any CPU.Build.0 = Debug|Any CPU
		{30EB9F12-6A20-4455-92D0-BBE111CD3744}.Release|Any CPU.ActiveCfg = Release|Any CPU
		{30EB9F12-6A20-4455-92D0-BBE111CD3744}.Release|Any CPU.Build.0 = Release|Any CPU
	EndGlobalSection
	GlobalSection(SolutionProperties) = preSolution
		HideSolutionNode = FALSE
	EndGlobalSection
	GlobalSection(ExtensibilityGlobals) = postSolution
		SolutionGuid = {BB04AB95-7851-484C-8589-4D594569A1E8}
	EndGlobalSection
EndGlobal
